
Microsoft Visual Studio Solution File, Format Version 12.00
# Visual Studio Version 17
VisualStudioVersion = 17.12.35209.166
MinimumVisualStudioVersion = 10.0.40219.1
Project("{2150E333-8FDC-42A3-9474-1A3956D46DE8}") = "Services", "Services", "{53063C25-75F1-4584-8C2E-31F4D6F90FE8}"
EndProject
Project("{2150E333-8FDC-42A3-9474-1A3956D46DE8}") = "Catalog", "Catalog", "{21262C64-BE0C-4F14-AF86-DF29B8AF44C1}"
EndProject
Project("{FAE04EC0-301F-11D3-BF4B-00C04F79EFBC}") = "Catalog.API", "Services\Catalog\Catalog.API\Catalog.API.csproj", "{44D12B77-659F-4FC0-9C11-B42F50F2E7E7}"
EndProject
Project("{2150E333-8FDC-42A3-9474-1A3956D46DE8}") = "BuildingBlocks", "BuildingBlocks", "{5C4CA1E0-48C8-41FA-9E1A-EE8AC948CA2A}"
EndProject
Project("{FAE04EC0-301F-11D3-BF4B-00C04F79EFBC}") = "BuildingBlocks", "BuildingBlocks\BuildingBlocks\BuildingBlocks.csproj", "{7F5E806B-B73E-4BD2-924C-FD4E0DCA679D}"
EndProject
Project("{E53339B2-1760-4266-BCC7-CA923CBCF16C}") = "docker-compose", "docker-compose.dcproj", "{256431B7-B177-41EC-A185-5869E95949D2}"
EndProject
Project("{2150E333-8FDC-42A3-9474-1A3956D46DE8}") = "Solution Items", "Solution Items", "{6401648F-8B14-4BF1-8D68-83909C7CFABC}"
	ProjectSection(SolutionItems) = preProject
		.editorconfig = .editorconfig
	EndProjectSection
EndProject
Project("{2150E333-8FDC-42A3-9474-1A3956D46DE8}") = "Basket", "Basket", "{4CB38F93-7F63-4083-969E-4B2F5612EC9A}"
EndProject
Project("{FAE04EC0-301F-11D3-BF4B-00C04F79EFBC}") = "Basket.API", "Services\Basket\Basket.API\Basket.API.csproj", "{47DE1B5F-4B8B-46AC-A355-C41808CF81B1}"
EndProject
Project("{2150E333-8FDC-42A3-9474-1A3956D46DE8}") = "Discount", "Discount", "{955E543C-4E85-4A33-B891-6D14D8E2F2EB}"
EndProject
Project("{FAE04EC0-301F-11D3-BF4B-00C04F79EFBC}") = "Discount.Grpc", "Services\Discount\Discount.Grpc\Discount.Grpc.csproj", "{B6C870A7-3AD9-434B-9B02-92A4A5C796D4}"
EndProject
Global
	GlobalSection(SolutionConfigurationPlatforms) = preSolution
		Debug|Any CPU = Debug|Any CPU
		Release|Any CPU = Release|Any CPU
	EndGlobalSection
	GlobalSection(ProjectConfigurationPlatforms) = postSolution
		{44D12B77-659F-4FC0-9C11-B42F50F2E7E7}.Debug|Any CPU.ActiveCfg = Debug|Any CPU
		{44D12B77-659F-4FC0-9C11-B42F50F2E7E7}.Debug|Any CPU.Build.0 = Debug|Any CPU
		{44D12B77-659F-4FC0-9C11-B42F50F2E7E7}.Release|Any CPU.ActiveCfg = Release|Any CPU
		{44D12B77-659F-4FC0-9C11-B42F50F2E7E7}.Release|Any CPU.Build.0 = Release|Any CPU
		{7F5E806B-B73E-4BD2-924C-FD4E0DCA679D}.Debug|Any CPU.ActiveCfg = Debug|Any CPU
		{7F5E806B-B73E-4BD2-924C-FD4E0DCA679D}.Debug|Any CPU.Build.0 = Debug|Any CPU
		{7F5E806B-B73E-4BD2-924C-FD4E0DCA679D}.Release|Any CPU.ActiveCfg = Release|Any CPU
		{7F5E806B-B73E-4BD2-924C-FD4E0DCA679D}.Release|Any CPU.Build.0 = Release|Any CPU
		{256431B7-B177-41EC-A185-5869E95949D2}.Debug|Any CPU.ActiveCfg = Debug|Any CPU
		{256431B7-B177-41EC-A185-5869E95949D2}.Debug|Any CPU.Build.0 = Debug|Any CPU
		{256431B7-B177-41EC-A185-5869E95949D2}.Release|Any CPU.ActiveCfg = Release|Any CPU
		{256431B7-B177-41EC-A185-5869E95949D2}.Release|Any CPU.Build.0 = Release|Any CPU
		{47DE1B5F-4B8B-46AC-A355-C41808CF81B1}.Debug|Any CPU.ActiveCfg = Debug|Any CPU
		{47DE1B5F-4B8B-46AC-A355-C41808CF81B1}.Debug|Any CPU.Build.0 = Debug|Any CPU
		{47DE1B5F-4B8B-46AC-A355-C41808CF81B1}.Release|Any CPU.ActiveCfg = Release|Any CPU
		{47DE1B5F-4B8B-46AC-A355-C41808CF81B1}.Release|Any CPU.Build.0 = Release|Any CPU
		{B6C870A7-3AD9-434B-9B02-92A4A5C796D4}.Debug|Any CPU.ActiveCfg = Debug|Any CPU
		{B6C870A7-3AD9-434B-9B02-92A4A5C796D4}.Debug|Any CPU.Build.0 = Debug|Any CPU
		{B6C870A7-3AD9-434B-9B02-92A4A5C796D4}.Release|Any CPU.ActiveCfg = Release|Any CPU
		{B6C870A7-3AD9-434B-9B02-92A4A5C796D4}.Release|Any CPU.Build.0 = Release|Any CPU
	EndGlobalSection
	GlobalSection(SolutionProperties) = preSolution
		HideSolutionNode = FALSE
	EndGlobalSection
	GlobalSection(NestedProjects) = preSolution
		{21262C64-BE0C-4F14-AF86-DF29B8AF44C1} = {53063C25-75F1-4584-8C2E-31F4D6F90FE8}
		{44D12B77-659F-4FC0-9C11-B42F50F2E7E7} = {21262C64-BE0C-4F14-AF86-DF29B8AF44C1}
		{7F5E806B-B73E-4BD2-924C-FD4E0DCA679D} = {5C4CA1E0-48C8-41FA-9E1A-EE8AC948CA2A}
		{4CB38F93-7F63-4083-969E-4B2F5612EC9A} = {53063C25-75F1-4584-8C2E-31F4D6F90FE8}
		{47DE1B5F-4B8B-46AC-A355-C41808CF81B1} = {4CB38F93-7F63-4083-969E-4B2F5612EC9A}
		{955E543C-4E85-4A33-B891-6D14D8E2F2EB} = {53063C25-75F1-4584-8C2E-31F4D6F90FE8}
		{B6C870A7-3AD9-434B-9B02-92A4A5C796D4} = {955E543C-4E85-4A33-B891-6D14D8E2F2EB}
	EndGlobalSection
	GlobalSection(ExtensibilityGlobals) = postSolution
		SolutionGuid = {ED4BE81D-7F18-4F93-ABC9-CA5645840CD5}
	EndGlobalSection
EndGlobal
